
Microsoft Visual Studio Solution File, Format Version 12.00
# Visual Studio Version 17
VisualStudioVersion = 17.8.34511.84
MinimumVisualStudioVersion = 10.0.40219.1
Project("{FAE04EC0-301F-11D3-BF4B-00C04F79EFBC}") = "ATV4-CJ3021963", "ATV4-CJ3021963\ATV4-CJ3021963.csproj", "{71D15B09-C4DF-4632-9610-B691D7F22EBF}"
EndProject
Global
	GlobalSection(SolutionConfigurationPlatforms) = preSolution
		Debug|Any CPU = Debug|Any CPU
		Release|Any CPU = Release|Any CPU
	EndGlobalSection
	GlobalSection(ProjectConfigurationPlatforms) = postSolution
		{71D15B09-C4DF-4632-9610-B691D7F22EBF}.Debug|Any CPU.ActiveCfg = Debug|Any CPU
		{71D15B09-C4DF-4632-9610-B691D7F22EBF}.Debug|Any CPU.Build.0 = Debug|Any CPU
		{71D15B09-C4DF-4632-9610-B691D7F22EBF}.Release|Any CPU.ActiveCfg = Release|Any CPU
		{71D15B09-C4DF-4632-9610-B691D7F22EBF}.Release|Any CPU.Build.0 = Release|Any CPU
	EndGlobalSection
	GlobalSection(SolutionProperties) = preSolution
		HideSolutionNode = FALSE
	EndGlobalSection
	GlobalSection(ExtensibilityGlobals) = postSolution
		SolutionGuid = {3C338A24-847D-4CD0-BC7B-45E303FB8F62}
	EndGlobalSection
EndGlobal
